
Microsoft Visual Studio Solution File, Format Version 12.00
# Visual Studio Version 17
VisualStudioVersion = 17.6.33829.357
MinimumVisualStudioVersion = 10.0.40219.1
Project("{FAE04EC0-301F-11D3-BF4B-00C04F79EFBC}") = "codelou-inventory-mgmt-console-app", "codelou-inventory-mgmt-console-app.csproj", "{6669DC53-4858-43B2-B09B-840FD009C5AF}"
EndProject
Global
	GlobalSection(SolutionConfigurationPlatforms) = preSolution
		Debug|Any CPU = Debug|Any CPU
		Release|Any CPU = Release|Any CPU
	EndGlobalSection
	GlobalSection(ProjectConfigurationPlatforms) = postSolution
		{6669DC53-4858-43B2-B09B-840FD009C5AF}.Debug|Any CPU.ActiveCfg = Debug|Any CPU
		{6669DC53-4858-43B2-B09B-840FD009C5AF}.Debug|Any CPU.Build.0 = Debug|Any CPU
		{6669DC53-4858-43B2-B09B-840FD009C5AF}.Release|Any CPU.ActiveCfg = Release|Any CPU
		{6669DC53-4858-43B2-B09B-840FD009C5AF}.Release|Any CPU.Build.0 = Release|Any CPU
	EndGlobalSection
	GlobalSection(SolutionProperties) = preSolution
		HideSolutionNode = FALSE
	EndGlobalSection
	GlobalSection(ExtensibilityGlobals) = postSolution
		SolutionGuid = {8A72A9B2-8070-43AF-8237-A5DB02A196DD}
	EndGlobalSection
EndGlobal
